
Microsoft Visual Studio Solution File, Format Version 12.00
# Visual Studio Version 16
VisualStudioVersion = 16.0.31702.278
MinimumVisualStudioVersion = 10.0.40219.1
Project("{FAE04EC0-301F-11D3-BF4B-00C04F79EFBC}") = "App1Xamarin.Android", "App1Xamarin.Android\App1Xamarin.Android.csproj", "{739257FE-C8F7-4C56-9BD7-C6083A7A854F}"
EndProject
Project("{FAE04EC0-301F-11D3-BF4B-00C04F79EFBC}") = "App1Xamarin", "App1Xamarin\App1Xamarin.csproj", "{0A9A0A35-9D28-4CCC-ADE2-F0365D1E5677}"
EndProject
Global
	GlobalSection(SolutionConfigurationPlatforms) = preSolution
		Debug|Any CPU = Debug|Any CPU
		Release|Any CPU = Release|Any CPU
	EndGlobalSection
	GlobalSection(ProjectConfigurationPlatforms) = postSolution
		{739257FE-C8F7-4C56-9BD7-C6083A7A854F}.Debug|Any CPU.ActiveCfg = Debug|Any CPU
		{739257FE-C8F7-4C56-9BD7-C6083A7A854F}.Debug|Any CPU.Build.0 = Debug|Any CPU
		{739257FE-C8F7-4C56-9BD7-C6083A7A854F}.Debug|Any CPU.Deploy.0 = Debug|Any CPU
		{739257FE-C8F7-4C56-9BD7-C6083A7A854F}.Release|Any CPU.ActiveCfg = Release|Any CPU
		{739257FE-C8F7-4C56-9BD7-C6083A7A854F}.Release|Any CPU.Build.0 = Release|Any CPU
		{739257FE-C8F7-4C56-9BD7-C6083A7A854F}.Release|Any CPU.Deploy.0 = Release|Any CPU
		{0A9A0A35-9D28-4CCC-ADE2-F0365D1E5677}.Debug|Any CPU.ActiveCfg = Debug|Any CPU
		{0A9A0A35-9D28-4CCC-ADE2-F0365D1E5677}.Debug|Any CPU.Build.0 = Debug|Any CPU
		{0A9A0A35-9D28-4CCC-ADE2-F0365D1E5677}.Debug|Any CPU.Deploy.0 = Debug|Any CPU
		{0A9A0A35-9D28-4CCC-ADE2-F0365D1E5677}.Release|Any CPU.ActiveCfg = Release|Any CPU
		{0A9A0A35-9D28-4CCC-ADE2-F0365D1E5677}.Release|Any CPU.Build.0 = Release|Any CPU
		{0A9A0A35-9D28-4CCC-ADE2-F0365D1E5677}.Release|Any CPU.Deploy.0 = Release|Any CPU
	EndGlobalSection
	GlobalSection(SolutionProperties) = preSolution
		HideSolutionNode = FALSE
	EndGlobalSection
	GlobalSection(ExtensibilityGlobals) = postSolution
		SolutionGuid = {1F9FE35E-0822-439D-BC3E-0B8A7DB39EC8}
	EndGlobalSection
EndGlobal
